programs:
- checksums:
    helm-v3.10.3-darwin-amd64.tar.gz:
      archive: 77a94ebd37eab4d14aceaf30a372348917830358430fcd7e09761eed69f08be5
      binary: 8f422d213a9f3530fe516c8b69be74059d89b9954b1afadb9ae6dc81edb52615
    helm-v3.10.3-darwin-arm64.tar.gz:
      archive: 4f3490654349d6fee8d4055862efdaaf9422eca1ffd2a15393394fd948ae3377
      binary: b5176d9b89ff43ac476983f58020ee2407ed0cbb5b785f928a57ff01d2c63754
    helm-v3.10.3-linux-amd64.tar.gz:
      archive: 950439759ece902157cf915b209b8d694e6f675eaab5099fb7894f30eeaee9a2
      binary: cc5223b23fd2ccdf4c80eda0acac7a6a5c8cdb81c5b538240e85fe97aa5bc3fb
    helm-v3.10.3-linux-arm64.tar.gz:
      archive: 260cda5ff2ed5d01dd0fd6e7e09bc80126e00d8bdc55f3269d05129e32f6f99d
      binary: 2b75e7112367ca237cd39408353dcfef9b81b1b5cf78e4826bdccb061dbb8dbd
  name: helm
  paths:
    base: https://get.helm.sh/
    checksums:
      artifact: https://get.helm.sh/{{.Name}}-v{{.Version}}-{{.OS}}-{{.Arch}}.tar.gz.sha256sum
    target: '{{.Name}}-v{{.Version}}-{{.OS}}-{{.Arch}}.tar.gz'
  version: 3.10.3
- checksums:
    hivemind-v1.1.0-linux-amd64.gz:
      archive: 809ca1c5fedbbfca8fdfb3a4b9bb9c41868b046f35f85a3e893ccf2583a3921a
      binary: cb97a33ec1cd5e38b688437caeab9812c05a8892eea09ed1dfde1d07efa4426c
    hivemind-v1.1.0-linux-arm64.gz:
      archive: e4e0b7809bc5a24a61500e11695aa754fc681f19d5d7ba4aeb5f5f1556d69360
      binary: 1e446614fb5d1a32beca17f02118cbcf1efc1c1a40b7388c8fca023488c40a1a
    hivemind-v1.1.0-macos-amd64.gz:
      archive: fff11e7b3e5d596a0866e7b9f6540dc40cb900125fe45ae855173481de6390c3
      binary: c78e023bb0feef5a676567755e58794ca807fb7a94a334578bd1c48108416857
    hivemind-v1.1.0-macos-arm64.gz:
      archive: 4286e8eb2f0edd3ded654aee1a0f6c330915c9cfb5926d9ab238102086045fd4
      binary: 52c402de23b7a0e3764279423f249d3458c40e7a403a771182ffead2dbe353ea
  name: hivemind
  overlay:
    OS:
      darwin: macos
  paths:
    base: https://github.com/DarthSim/hivemind/releases/download/v{{ .Version }}/
    checksums:
      artifact: https://checksums.bindl.dev/{{.Name}}/v{{.Version}}.txt
    target: '{{.Name}}-v{{.Version}}-{{.OS}}-{{.Arch}}.gz'
  version: 1.1.0
- checksums:
    ko_0.12.0_Darwin_arm64.tar.gz:
      archive: cfef98db8ad0e1edaa483fa5c6af89eb573a8434abd372b510b89005575de702
      binary: 58d9aafa583d3017401907e3d3e8995d76f1cbde2f92eb202e24136ac081254f
    ko_0.12.0_Darwin_x86_64.tar.gz:
      archive: 8679d0d74fc75f24e044649c6a961dad0a3ef03bedbdece35e2f3f29eb7876af
      binary: 2c8b864e55cfba035fe625e87a03fd75bd073deb3f05f5ec5d9f4af278e9f514
    ko_0.12.0_Linux_arm64.tar.gz:
      archive: 48d6940bac2a94783137295c109dbba925f84f3855a5ad6a43b23443a4d59635
      binary: c94f748f5f92a9e326b4c3b27ddbe27083ceca66697199cfac9764d7181d1807
    ko_0.12.0_Linux_x86_64.tar.gz:
      archive: 05aa77182fa7c55386bd2a210fd41298542726f33bbfc9c549add3a66f7b90ad
      binary: cce6f2d42701df8401262329b1fe392e64ed7fd97e4b7a70e08fc4ea8d986431
  name: ko
  overlay:
    Arch:
      amd64: x86_64
    OS:
      darwin: Darwin
      linux: Linux
  paths:
    base: https://github.com/ko-build/ko/releases/download/v{{ .Version }}/
    checksums:
      artifact: https://github.com/ko-build/ko/releases/download/v{{ .Version }}/checksums.txt
    target: '{{.Name}}_{{.Version}}_{{.OS}}_{{.Arch}}.tar.gz'
  version: 0.12.0
- checksums:
    tailwindcss-linux-arm64:
      archive: 7303e472a38ed63345da17769bc166db8648a40a88dc0b54a7aa0d5d98c32c92
      binary: 7303e472a38ed63345da17769bc166db8648a40a88dc0b54a7aa0d5d98c32c92
    tailwindcss-linux-x64:
      archive: cd52e757cb0bd15238f0207a215198d924811234028d056b7be39fde70491296
      binary: cd52e757cb0bd15238f0207a215198d924811234028d056b7be39fde70491296
    tailwindcss-macos-arm64:
      archive: 0661a3315d3515b8dab2d2ab86a477f417a358ce8a196afe9baea170e4c5cfdc
      binary: 0661a3315d3515b8dab2d2ab86a477f417a358ce8a196afe9baea170e4c5cfdc
    tailwindcss-macos-x64:
      archive: febf92682ba974ce588b7012f39897534abbc6d6c12f6ef02e0c4f790d36ac0b
      binary: febf92682ba974ce588b7012f39897534abbc6d6c12f6ef02e0c4f790d36ac0b
  name: tailwindcss
  overlay:
    Arch:
      amd64: x64
    OS:
      darwin: macos
  paths:
    base: https://github.com/tailwindlabs/tailwindcss/releases/download/v{{ .Version }}/
    checksums:
      artifact: https://checksums.bindl.dev/{{.Name}}/v{{.Version}}.txt
    target: '{{.Name}}-{{.OS}}-{{.Arch}}'
  version: 3.2.4
